
Microsoft Visual Studio Solution File, Format Version 12.00
# Visual Studio 2017
Project("{FAE04EC0-301F-11D3-BF4B-00C04F79EFBC}") = "testlengliang", "testlengliang.csproj", "{662C3C90-FCF1-9469-2498-994673809874}"
EndProject
Project("{FAE04EC0-301F-11D3-BF4B-00C04F79EFBC}") = "testlengliang.Editor", "testlengliang.Editor.csproj", "{967C7BE8-BF88-828E-C7A1-9298E1189EB9}"
EndProject
Global
	GlobalSection(SolutionConfigurationPlatforms) = preSolution
		Debug|Any CPU = Debug|Any CPU
		Release|Any CPU = Release|Any CPU
	EndGlobalSection
	GlobalSection(ProjectConfigurationPlatforms) = postSolution
		{662C3C90-FCF1-9469-2498-994673809874}.Debug|Any CPU.ActiveCfg = Debug|Any CPU
		{662C3C90-FCF1-9469-2498-994673809874}.Debug|Any CPU.Build.0 = Debug|Any CPU
		{662C3C90-FCF1-9469-2498-994673809874}.Release|Any CPU.ActiveCfg = Release|Any CPU
		{662C3C90-FCF1-9469-2498-994673809874}.Release|Any CPU.Build.0 = Release|Any CPU
		{967C7BE8-BF88-828E-C7A1-9298E1189EB9}.Debug|Any CPU.ActiveCfg = Debug|Any CPU
		{967C7BE8-BF88-828E-C7A1-9298E1189EB9}.Debug|Any CPU.Build.0 = Debug|Any CPU
		{967C7BE8-BF88-828E-C7A1-9298E1189EB9}.Release|Any CPU.ActiveCfg = Release|Any CPU
		{967C7BE8-BF88-828E-C7A1-9298E1189EB9}.Release|Any CPU.Build.0 = Release|Any CPU
	EndGlobalSection
	GlobalSection(SolutionProperties) = preSolution
		HideSolutionNode = FALSE
	EndGlobalSection
EndGlobal
